// !$*UTF8*$!
{
	archiveVersion = 1;
	classes = {
	};
	objectVersion = 46;
	objects = {

/* Begin PBXBuildFile section */
		18FAC79A37A9ABCA63BA108B /* Pods_Tests_macOS.framework in Frameworks */ = {isa = PBXBuildFile; fileRef = E38DBE27B5A21066703A565D /* Pods_Tests_macOS.framework */; };
		2A93D78627390B69C8070209 /* Pods_Tests_iOS.framework in Frameworks */ = {isa = PBXBuildFile; fileRef = 1C8639DFA392FB716D55C8B7 /* Pods_Tests_iOS.framework */; };
		930F3A241E57064200C0BE7C /* Tests_macOS.swift in Sources */ = {isa = PBXBuildFile; fileRef = 930F3A231E57064200C0BE7C /* Tests_macOS.swift */; };
		930F3A2B1E57066800C0BE7C /* SystemSoundTests.swift in Sources */ = {isa = PBXBuildFile; fileRef = 930F3A291E57066800C0BE7C /* SystemSoundTests.swift */; };
		930F3A2C1E57066800C0BE7C /* SystemSoundTypeTests.swift in Sources */ = {isa = PBXBuildFile; fileRef = 930F3A2A1E57066800C0BE7C /* SystemSoundTypeTests.swift */; };
		930F3A2D1E57069700C0BE7C /* SystemSoundTests.swift in Sources */ = {isa = PBXBuildFile; fileRef = 930F3A291E57066800C0BE7C /* SystemSoundTests.swift */; };
		930F3A2E1E57069B00C0BE7C /* SystemSoundTypeTests.swift in Sources */ = {isa = PBXBuildFile; fileRef = 930F3A2A1E57066800C0BE7C /* SystemSoundTypeTests.swift */; };
/* End PBXBuildFile section */

/* Begin PBXFileReference section */
		14CBCFAA5401FF7E17F22801 /* Pods-Tests-macOS.release.xcconfig */ = {isa = PBXFileReference; includeInIndex = 1; lastKnownFileType = text.xcconfig; name = "Pods-Tests-macOS.release.xcconfig"; path = "Pods/Target Support Files/Pods-Tests-macOS/Pods-Tests-macOS.release.xcconfig"; sourceTree = "<group>"; };
		1C8639DFA392FB716D55C8B7 /* Pods_Tests_iOS.framework */ = {isa = PBXFileReference; explicitFileType = wrapper.framework; includeInIndex = 0; path = Pods_Tests_iOS.framework; sourceTree = BUILT_PRODUCTS_DIR; };
		29C100F56DFB53B17B243C12 /* Pods-Tests-macOS.debug.xcconfig */ = {isa = PBXFileReference; includeInIndex = 1; lastKnownFileType = text.xcconfig; name = "Pods-Tests-macOS.debug.xcconfig"; path = "Pods/Target Support Files/Pods-Tests-macOS/Pods-Tests-macOS.debug.xcconfig"; sourceTree = "<group>"; };
		7C1027452A3C0364DDF5ECEC /* Pods-Tests-iOS.debug.xcconfig */ = {isa = PBXFileReference; includeInIndex = 1; lastKnownFileType = text.xcconfig; name = "Pods-Tests-iOS.debug.xcconfig"; path = "Pods/Target Support Files/Pods-Tests-iOS/Pods-Tests-iOS.debug.xcconfig"; sourceTree = "<group>"; };
		930F3A141E5705F000C0BE7C /* Tests-iOS.xctest */ = {isa = PBXFileReference; explicitFileType = wrapper.cfbundle; includeInIndex = 0; path = "Tests-iOS.xctest"; sourceTree = BUILT_PRODUCTS_DIR; };
		930F3A191E5705F000C0BE7C /* Info.plist */ = {isa = PBXFileReference; lastKnownFileType = text.plist.xml; path = Info.plist; sourceTree = "<group>"; };
		930F3A211E57064200C0BE7C /* Tests-macOS.xctest */ = {isa = PBXFileReference; explicitFileType = wrapper.cfbundle; includeInIndex = 0; path = "Tests-macOS.xctest"; sourceTree = BUILT_PRODUCTS_DIR; };
		930F3A231E57064200C0BE7C /* Tests_macOS.swift */ = {isa = PBXFileReference; lastKnownFileType = sourcecode.swift; path = Tests_macOS.swift; sourceTree = "<group>"; };
		930F3A251E57064200C0BE7C /* Info.plist */ = {isa = PBXFileReference; lastKnownFileType = text.plist.xml; path = Info.plist; sourceTree = "<group>"; };
		930F3A291E57066800C0BE7C /* SystemSoundTests.swift */ = {isa = PBXFileReference; fileEncoding = 4; lastKnownFileType = sourcecode.swift; name = SystemSoundTests.swift; path = "Tests-common/SystemSoundTests.swift"; sourceTree = "<group>"; };
		930F3A2A1E57066800C0BE7C /* SystemSoundTypeTests.swift */ = {isa = PBXFileReference; fileEncoding = 4; lastKnownFileType = sourcecode.swift; name = SystemSoundTypeTests.swift; path = "Tests-common/SystemSoundTypeTests.swift"; sourceTree = "<group>"; };
		B664E300BD4FC5FD89FFD8D5 /* Pods-Tests-iOS.release.xcconfig */ = {isa = PBXFileReference; includeInIndex = 1; lastKnownFileType = text.xcconfig; name = "Pods-Tests-iOS.release.xcconfig"; path = "Pods/Target Support Files/Pods-Tests-iOS/Pods-Tests-iOS.release.xcconfig"; sourceTree = "<group>"; };
		E38DBE27B5A21066703A565D /* Pods_Tests_macOS.framework */ = {isa = PBXFileReference; explicitFileType = wrapper.framework; includeInIndex = 0; path = Pods_Tests_macOS.framework; sourceTree = BUILT_PRODUCTS_DIR; };
/* End PBXFileReference section */

/* Begin PBXFrameworksBuildPhase section */
		930F3A111E5705F000C0BE7C /* Frameworks */ = {
			isa = PBXFrameworksBuildPhase;
			buildActionMask = 2147483647;
			files = (
				2A93D78627390B69C8070209 /* Pods_Tests_iOS.framework in Frameworks */,
			);
			runOnlyForDeploymentPostprocessing = 0;
		};
		930F3A1E1E57064200C0BE7C /* Frameworks */ = {
			isa = PBXFrameworksBuildPhase;
			buildActionMask = 2147483647;
			files = (
				18FAC79A37A9ABCA63BA108B /* Pods_Tests_macOS.framework in Frameworks */,
			);
			runOnlyForDeploymentPostprocessing = 0;
		};
/* End PBXFrameworksBuildPhase section */

/* Begin PBXGroup section */
		4789A82D2ADF109D93839F97 /* Frameworks */ = {
			isa = PBXGroup;
			children = (
				1C8639DFA392FB716D55C8B7 /* Pods_Tests_iOS.framework */,
				E38DBE27B5A21066703A565D /* Pods_Tests_macOS.framework */,
			);
			name = Frameworks;
			sourceTree = "<group>";
		};
		65A5ED0892C5C17E8B2C108F /* Pods */ = {
			isa = PBXGroup;
			children = (
				7C1027452A3C0364DDF5ECEC /* Pods-Tests-iOS.debug.xcconfig */,
				B664E300BD4FC5FD89FFD8D5 /* Pods-Tests-iOS.release.xcconfig */,
				29C100F56DFB53B17B243C12 /* Pods-Tests-macOS.debug.xcconfig */,
				14CBCFAA5401FF7E17F22801 /* Pods-Tests-macOS.release.xcconfig */,
			);
			name = Pods;
			sourceTree = "<group>";
		};
		930F3A091E57055C00C0BE7C = {
			isa = PBXGroup;
			children = (
				930F3A2F1E5706B500C0BE7C /* Tests-common */,
				930F3A161E5705F000C0BE7C /* Tests-iOS */,
				930F3A221E57064200C0BE7C /* Tests-macOS */,
				930F3A151E5705F000C0BE7C /* Products */,
				65A5ED0892C5C17E8B2C108F /* Pods */,
				4789A82D2ADF109D93839F97 /* Frameworks */,
			);
			sourceTree = "<group>";
		};
		930F3A151E5705F000C0BE7C /* Products */ = {
			isa = PBXGroup;
			children = (
				930F3A141E5705F000C0BE7C /* Tests-iOS.xctest */,
				930F3A211E57064200C0BE7C /* Tests-macOS.xctest */,
			);
			name = Products;
			sourceTree = "<group>";
		};
		930F3A161E5705F000C0BE7C /* Tests-iOS */ = {
			isa = PBXGroup;
			children = (
				930F3A191E5705F000C0BE7C /* Info.plist */,
			);
			path = "Tests-iOS";
			sourceTree = "<group>";
		};
		930F3A221E57064200C0BE7C /* Tests-macOS */ = {
			isa = PBXGroup;
			children = (
				930F3A231E57064200C0BE7C /* Tests_macOS.swift */,
				930F3A251E57064200C0BE7C /* Info.plist */,
			);
			path = "Tests-macOS";
			sourceTree = "<group>";
		};
		930F3A2F1E5706B500C0BE7C /* Tests-common */ = {
			isa = PBXGroup;
			children = (
				930F3A291E57066800C0BE7C /* SystemSoundTests.swift */,
				930F3A2A1E57066800C0BE7C /* SystemSoundTypeTests.swift */,
			);
			name = "Tests-common";
			sourceTree = "<group>";
		};
/* End PBXGroup section */

/* Begin PBXNativeTarget section */
		930F3A131E5705F000C0BE7C /* Tests-iOS */ = {
			isa = PBXNativeTarget;
			buildConfigurationList = 930F3A1A1E5705F000C0BE7C /* Build configuration list for PBXNativeTarget "Tests-iOS" */;
			buildPhases = (
				B3149BE69187A57BAB01DEA1 /* [CP] Check Pods Manifest.lock */,
				930F3A101E5705F000C0BE7C /* Sources */,
				930F3A111E5705F000C0BE7C /* Frameworks */,
				930F3A121E5705F000C0BE7C /* Resources */,
				46188AD70141E01736957CBF /* [CP] Embed Pods Frameworks */,
				F2DE0738EF8666410925363A /* [CP] Copy Pods Resources */,
			);
			buildRules = (
			);
			dependencies = (
			);
			name = "Tests-iOS";
			productName = "Tests-iOS";
			productReference = 930F3A141E5705F000C0BE7C /* Tests-iOS.xctest */;
			productType = "com.apple.product-type.bundle.unit-test";
		};
		930F3A201E57064200C0BE7C /* Tests-macOS */ = {
			isa = PBXNativeTarget;
			buildConfigurationList = 930F3A261E57064200C0BE7C /* Build configuration list for PBXNativeTarget "Tests-macOS" */;
			buildPhases = (
				1F7AE8D9FEC454208BCFBFC6 /* [CP] Check Pods Manifest.lock */,
				930F3A1D1E57064200C0BE7C /* Sources */,
				930F3A1E1E57064200C0BE7C /* Frameworks */,
				930F3A1F1E57064200C0BE7C /* Resources */,
				9DD04EFDD71CE090CA2611F1 /* [CP] Embed Pods Frameworks */,
				6E6652D4675DD4685FA7475A /* [CP] Copy Pods Resources */,
			);
			buildRules = (
			);
			dependencies = (
			);
			name = "Tests-macOS";
			productName = "Tests-macOS";
			productReference = 930F3A211E57064200C0BE7C /* Tests-macOS.xctest */;
			productType = "com.apple.product-type.bundle.unit-test";
		};
/* End PBXNativeTarget section */

/* Begin PBXProject section */
		930F3A0A1E57055C00C0BE7C /* Project object */ = {
			isa = PBXProject;
			attributes = {
				LastSwiftUpdateCheck = 0820;
				LastUpgradeCheck = 0820;
				TargetAttributes = {
					930F3A131E5705F000C0BE7C = {
						CreatedOnToolsVersion = 8.2.1;
						LastSwiftMigration = 0820;
						ProvisioningStyle = Automatic;
					};
					930F3A201E57064200C0BE7C = {
						CreatedOnToolsVersion = 8.2.1;
						LastSwiftMigration = 0820;
						ProvisioningStyle = Automatic;
					};
				};
			};
			buildConfigurationList = 930F3A0D1E57055C00C0BE7C /* Build configuration list for PBXProject "TestProject" */;
			compatibilityVersion = "Xcode 3.2";
			developmentRegion = English;
			hasScannedForEncodings = 0;
			knownRegions = (
				en,
			);
			mainGroup = 930F3A091E57055C00C0BE7C;
			productRefGroup = 930F3A151E5705F000C0BE7C /* Products */;
			projectDirPath = "";
			projectRoot = "";
			targets = (
				930F3A131E5705F000C0BE7C /* Tests-iOS */,
				930F3A201E57064200C0BE7C /* Tests-macOS */,
			);
		};
/* End PBXProject section */

/* Begin PBXResourcesBuildPhase section */
		930F3A121E5705F000C0BE7C /* Resources */ = {
			isa = PBXResourcesBuildPhase;
			buildActionMask = 2147483647;
			files = (
			);
			runOnlyForDeploymentPostprocessing = 0;
		};
		930F3A1F1E57064200C0BE7C /* Resources */ = {
			isa = PBXResourcesBuildPhase;
			buildActionMask = 2147483647;
			files = (
			);
			runOnlyForDeploymentPostprocessing = 0;
		};
/* End PBXResourcesBuildPhase section */

/* Begin PBXShellScriptBuildPhase section */
		1F7AE8D9FEC454208BCFBFC6 /* [CP] Check Pods Manifest.lock */ = {
			isa = PBXShellScriptBuildPhase;
			buildActionMask = 2147483647;
			files = (
			);
			inputPaths = (
			);
			name = "[CP] Check Pods Manifest.lock";
			outputPaths = (
			);
			runOnlyForDeploymentPostprocessing = 0;
			shellPath = /bin/sh;
			shellScript = "diff \"${PODS_ROOT}/../Podfile.lock\" \"${PODS_ROOT}/Manifest.lock\" > /dev/null\nif [ $? != 0 ] ; then\n    # print error to STDERR\n    echo \"error: The sandbox is not in sync with the Podfile.lock. Run 'pod install' or update your CocoaPods installation.\" >&2\n    exit 1\nfi\n";
			showEnvVarsInLog = 0;
		};
		46188AD70141E01736957CBF /* [CP] Embed Pods Frameworks */ = {
			isa = PBXShellScriptBuildPhase;
			buildActionMask = 2147483647;
			files = (
			);
			inputPaths = (
			);
			name = "[CP] Embed Pods Frameworks";
			outputPaths = (
			);
			runOnlyForDeploymentPostprocessing = 0;
			shellPath = /bin/sh;
			shellScript = "\"${SRCROOT}/Pods/Target Support Files/Pods-Tests-iOS/Pods-Tests-iOS-frameworks.sh\"\n";
			showEnvVarsInLog = 0;
		};
		6E6652D4675DD4685FA7475A /* [CP] Copy Pods Resources */ = {
			isa = PBXShellScriptBuildPhase;
			buildActionMask = 2147483647;
			files = (
			);
			inputPaths = (
			);
			name = "[CP] Copy Pods Resources";
			outputPaths = (
			);
			runOnlyForDeploymentPostprocessing = 0;
			shellPath = /bin/sh;
			shellScript = "\"${SRCROOT}/Pods/Target Support Files/Pods-Tests-macOS/Pods-Tests-macOS-resources.sh\"\n";
			showEnvVarsInLog = 0;
		};
		9DD04EFDD71CE090CA2611F1 /* [CP] Embed Pods Frameworks */ = {
			isa = PBXShellScriptBuildPhase;
			buildActionMask = 2147483647;
			files = (
			);
			inputPaths = (
			);
			name = "[CP] Embed Pods Frameworks";
			outputPaths = (
			);
			runOnlyForDeploymentPostprocessing = 0;
			shellPath = /bin/sh;
			shellScript = "\"${SRCROOT}/Pods/Target Support Files/Pods-Tests-macOS/Pods-Tests-macOS-frameworks.sh\"\n";
			showEnvVarsInLog = 0;
		};
		B3149BE69187A57BAB01DEA1 /* [CP] Check Pods Manifest.lock */ = {
			isa = PBXShellScriptBuildPhase;
			buildActionMask = 2147483647;
			files = (
			);
			inputPaths = (
			);
			name = "[CP] Check Pods Manifest.lock";
			outputPaths = (
			);
			runOnlyForDeploymentPostprocessing = 0;
			shellPath = /bin/sh;
			shellScript = "diff \"${PODS_ROOT}/../Podfile.lock\" \"${PODS_ROOT}/Manifest.lock\" > /dev/null\nif [ $? != 0 ] ; then\n    # print error to STDERR\n    echo \"error: The sandbox is not in sync with the Podfile.lock. Run 'pod install' or update your CocoaPods installation.\" >&2\n    exit 1\nfi\n";
			showEnvVarsInLog = 0;
		};
		F2DE0738EF8666410925363A /* [CP] Copy Pods Resources */ = {
			isa = PBXShellScriptBuildPhase;
			buildActionMask = 2147483647;
			files = (
			);
			inputPaths = (
			);
			name = "[CP] Copy Pods Resources";
			outputPaths = (
			);
			runOnlyForDeploymentPostprocessing = 0;
			shellPath = /bin/sh;
			shellScript = "\"${SRCROOT}/Pods/Target Support Files/Pods-Tests-iOS/Pods-Tests-iOS-resources.sh\"\n";
			showEnvVarsInLog = 0;
		};
/* End PBXShellScriptBuildPhase section */

/* Begin PBXSourcesBuildPhase section */
		930F3A101E5705F000C0BE7C /* Sources */ = {
			isa = PBXSourcesBuildPhase;
			buildActionMask = 2147483647;
			files = (
				930F3A2C1E57066800C0BE7C /* SystemSoundTypeTests.swift in Sources */,
				930F3A2B1E57066800C0BE7C /* SystemSoundTests.swift in Sources */,
			);
			runOnlyForDeploymentPostprocessing = 0;
		};
		930F3A1D1E57064200C0BE7C /* Sources */ = {
			isa = PBXSourcesBuildPhase;
			buildActionMask = 2147483647;
			files = (
				930F3A2E1E57069B00C0BE7C /* SystemSoundTypeTests.swift in Sources */,
				930F3A2D1E57069700C0BE7C /* SystemSoundTests.swift in Sources */,
				930F3A241E57064200C0BE7C /* Tests_macOS.swift in Sources */,
			);
			runOnlyForDeploymentPostprocessing = 0;
		};
/* End PBXSourcesBuildPhase section */

/* Begin XCBuildConfiguration section */
		930F3A0E1E57055C00C0BE7C /* Debug */ = {
			isa = XCBuildConfiguration;
			buildSettings = {
			};
			name = Debug;
		};
		930F3A0F1E57055C00C0BE7C /* Release */ = {
			isa = XCBuildConfiguration;
			buildSettings = {
			};
			name = Release;
		};
		930F3A1B1E5705F000C0BE7C /* Debug */ = {
			isa = XCBuildConfiguration;
			baseConfigurationReference = 7C1027452A3C0364DDF5ECEC /* Pods-Tests-iOS.debug.xcconfig */;
			buildSettings = {
				ALWAYS_SEARCH_USER_PATHS = NO;
				CLANG_ANALYZER_NONNULL = YES;
				CLANG_CXX_LANGUAGE_STANDARD = "gnu++0x";
				CLANG_CXX_LIBRARY = "libc++";
				CLANG_ENABLE_MODULES = YES;
				CLANG_ENABLE_OBJC_ARC = YES;
				CLANG_WARN_BOOL_CONVERSION = YES;
				CLANG_WARN_CONSTANT_CONVERSION = YES;
				CLANG_WARN_DIRECT_OBJC_ISA_USAGE = YES_ERROR;
				CLANG_WARN_DOCUMENTATION_COMMENTS = YES;
				CLANG_WARN_EMPTY_BODY = YES;
				CLANG_WARN_ENUM_CONVERSION = YES;
				CLANG_WARN_INFINITE_RECURSION = YES;
				CLANG_WARN_INT_CONVERSION = YES;
				CLANG_WARN_OBJC_ROOT_CLASS = YES_ERROR;
				CLANG_WARN_SUSPICIOUS_MOVE = YES;
				CLANG_WARN_UNREACHABLE_CODE = YES;
				CLANG_WARN__DUPLICATE_METHOD_MATCH = YES;
				"CODE_SIGN_IDENTITY[sdk=iphoneos*]" = "iPhone Developer";
				COPY_PHASE_STRIP = NO;
				DEBUG_INFORMATION_FORMAT = dwarf;
				ENABLE_STRICT_OBJC_MSGSEND = YES;
				ENABLE_TESTABILITY = YES;
				GCC_C_LANGUAGE_STANDARD = gnu99;
				GCC_DYNAMIC_NO_PIC = NO;
				GCC_NO_COMMON_BLOCKS = YES;
				GCC_OPTIMIZATION_LEVEL = 0;
				GCC_PREPROCESSOR_DEFINITIONS = (
					"DEBUG=1",
					"$(inherited)",
				);
				GCC_WARN_64_TO_32_BIT_CONVERSION = YES;
				GCC_WARN_ABOUT_RETURN_TYPE = YES_ERROR;
				GCC_WARN_UNDECLARED_SELECTOR = YES;
				GCC_WARN_UNINITIALIZED_AUTOS = YES_AGGRESSIVE;
				GCC_WARN_UNUSED_FUNCTION = YES;
				GCC_WARN_UNUSED_VARIABLE = YES;
				INFOPLIST_FILE = "Tests-iOS/Info.plist";
				IPHONEOS_DEPLOYMENT_TARGET = 10.2;
				LD_RUNPATH_SEARCH_PATHS = "$(inherited) @executable_path/Frameworks @loader_path/Frameworks";
				MTL_ENABLE_DEBUG_INFO = YES;
				ONLY_ACTIVE_ARCH = YES;
				PRODUCT_BUNDLE_IDENTIFIER = "com.letvargo.Tests-iOS";
				PRODUCT_NAME = "$(TARGET_NAME)";
				SDKROOT = iphoneos;
				SWIFT_ACTIVE_COMPILATION_CONDITIONS = DEBUG;
				SWIFT_OPTIMIZATION_LEVEL = "-Onone";
				SWIFT_VERSION = 3.0;
			};
			name = Debug;
		};
		930F3A1C1E5705F000C0BE7C /* Release */ = {
			isa = XCBuildConfiguration;
			baseConfigurationReference = B664E300BD4FC5FD89FFD8D5 /* Pods-Tests-iOS.release.xcconfig */;
			buildSettings = {
				ALWAYS_SEARCH_USER_PATHS = NO;
				CLANG_ANALYZER_NONNULL = YES;
				CLANG_CXX_LANGUAGE_STANDARD = "gnu++0x";
				CLANG_CXX_LIBRARY = "libc++";
				CLANG_ENABLE_MODULES = YES;
				CLANG_ENABLE_OBJC_ARC = YES;
				CLANG_WARN_BOOL_CONVERSION = YES;
				CLANG_WARN_CONSTANT_CONVERSION = YES;
				CLANG_WARN_DIRECT_OBJC_ISA_USAGE = YES_ERROR;
				CLANG_WARN_DOCUMENTATION_COMMENTS = YES;
				CLANG_WARN_EMPTY_BODY = YES;
				CLANG_WARN_ENUM_CONVERSION = YES;
				CLANG_WARN_INFINITE_RECURSION = YES;
				CLANG_WARN_INT_CONVERSION = YES;
				CLANG_WARN_OBJC_ROOT_CLASS = YES_ERROR;
				CLANG_WARN_SUSPICIOUS_MOVE = YES;
				CLANG_WARN_UNREACHABLE_CODE = YES;
				CLANG_WARN__DUPLICATE_METHOD_MATCH = YES;
				"CODE_SIGN_IDENTITY[sdk=iphoneos*]" = "iPhone Developer";
				COPY_PHASE_STRIP = NO;
				DEBUG_INFORMATION_FORMAT = "dwarf-with-dsym";
				ENABLE_NS_ASSERTIONS = NO;
				ENABLE_STRICT_OBJC_MSGSEND = YES;
				GCC_C_LANGUAGE_STANDARD = gnu99;
				GCC_NO_COMMON_BLOCKS = YES;
				GCC_WARN_64_TO_32_BIT_CONVERSION = YES;
				GCC_WARN_ABOUT_RETURN_TYPE = YES_ERROR;
				GCC_WARN_UNDECLARED_SELECTOR = YES;
				GCC_WARN_UNINITIALIZED_AUTOS = YES_AGGRESSIVE;
				GCC_WARN_UNUSED_FUNCTION = YES;
				GCC_WARN_UNUSED_VARIABLE = YES;
				INFOPLIST_FILE = "Tests-iOS/Info.plist";
				IPHONEOS_DEPLOYMENT_TARGET = 10.2;
				LD_RUNPATH_SEARCH_PATHS = "$(inherited) @executable_path/Frameworks @loader_path/Frameworks";
				MTL_ENABLE_DEBUG_INFO = NO;
				PRODUCT_BUNDLE_IDENTIFIER = "com.letvargo.Tests-iOS";
				PRODUCT_NAME = "$(TARGET_NAME)";
				SDKROOT = iphoneos;
				SWIFT_OPTIMIZATION_LEVEL = "-Owholemodule";
				SWIFT_VERSION = 3.0;
				VALIDATE_PRODUCT = YES;
			};
			name = Release;
		};
		930F3A271E57064200C0BE7C /* Debug */ = {
			isa = XCBuildConfiguration;
			baseConfigurationReference = 29C100F56DFB53B17B243C12 /* Pods-Tests-macOS.debug.xcconfig */;
			buildSettings = {
				ALWAYS_SEARCH_USER_PATHS = NO;
				CLANG_ANALYZER_NONNULL = YES;
				CLANG_CXX_LANGUAGE_STANDARD = "gnu++0x";
				CLANG_CXX_LIBRARY = "libc++";
				CLANG_ENABLE_MODULES = YES;
				CLANG_ENABLE_OBJC_ARC = YES;
				CLANG_WARN_BOOL_CONVERSION = YES;
				CLANG_WARN_CONSTANT_CONVERSION = YES;
				CLANG_WARN_DIRECT_OBJC_ISA_USAGE = YES_ERROR;
				CLANG_WARN_DOCUMENTATION_COMMENTS = YES;
				CLANG_WARN_EMPTY_BODY = YES;
				CLANG_WARN_ENUM_CONVERSION = YES;
				CLANG_WARN_INFINITE_RECURSION = YES;
				CLANG_WARN_INT_CONVERSION = YES;
				CLANG_WARN_OBJC_ROOT_CLASS = YES_ERROR;
				CLANG_WARN_SUSPICIOUS_MOVE = YES;
				CLANG_WARN_UNREACHABLE_CODE = YES;
				CLANG_WARN__DUPLICATE_METHOD_MATCH = YES;
				CODE_SIGN_IDENTITY = "-";
				COMBINE_HIDPI_IMAGES = YES;
				COPY_PHASE_STRIP = NO;
				DEBUG_INFORMATION_FORMAT = dwarf;
				ENABLE_STRICT_OBJC_MSGSEND = YES;
				ENABLE_TESTABILITY = YES;
				GCC_C_LANGUAGE_STANDARD = gnu99;
				GCC_DYNAMIC_NO_PIC = NO;
				GCC_NO_COMMON_BLOCKS = YES;
				GCC_OPTIMIZATION_LEVEL = 0;
				GCC_PREPROCESSOR_DEFINITIONS = (
					"DEBUG=1",
					"$(inherited)",
				);
				GCC_WARN_64_TO_32_BIT_CONVERSION = YES;
				GCC_WARN_ABOUT_RETURN_TYPE = YES_ERROR;
				GCC_WARN_UNDECLARED_SELECTOR = YES;
				GCC_WARN_UNINITIALIZED_AUTOS = YES_AGGRESSIVE;
				GCC_WARN_UNUSED_FUNCTION = YES;
				GCC_WARN_UNUSED_VARIABLE = YES;
				INFOPLIST_FILE = "Tests-macOS/Info.plist";
				LD_RUNPATH_SEARCH_PATHS = "$(inherited) @executable_path/../Frameworks @loader_path/../Frameworks";
				MACOSX_DEPLOYMENT_TARGET = 10.12;
				MTL_ENABLE_DEBUG_INFO = YES;
				ONLY_ACTIVE_ARCH = YES;
				PRODUCT_BUNDLE_IDENTIFIER = "com.letvargo.Tests-macOS";
				PRODUCT_NAME = "$(TARGET_NAME)";
				SDKROOT = macosx;
				SWIFT_ACTIVE_COMPILATION_CONDITIONS = DEBUG;
				SWIFT_OPTIMIZATION_LEVEL = "-Onone";
				SWIFT_VERSION = 3.0;
			};
			name = Debug;
		};
		930F3A281E57064200C0BE7C /* Release */ = {
			isa = XCBuildConfiguration;
			baseConfigurationReference = 14CBCFAA5401FF7E17F22801 /* Pods-Tests-macOS.release.xcconfig */;
			buildSettings = {
				ALWAYS_SEARCH_USER_PATHS = NO;
				CLANG_ANALYZER_NONNULL = YES;
				CLANG_CXX_LANGUAGE_STANDARD = "gnu++0x";
				CLANG_CXX_LIBRARY = "libc++";
				CLANG_ENABLE_MODULES = YES;
				CLANG_ENABLE_OBJC_ARC = YES;
				CLANG_WARN_BOOL_CONVERSION = YES;
				CLANG_WARN_CONSTANT_CONVERSION = YES;
				CLANG_WARN_DIRECT_OBJC_ISA_USAGE = YES_ERROR;
				CLANG_WARN_DOCUMENTATION_COMMENTS = YES;
				CLANG_WARN_EMPTY_BODY = YES;
				CLANG_WARN_ENUM_CONVERSION = YES;
				CLANG_WARN_INFINITE_RECURSION = YES;
				CLANG_WARN_INT_CONVERSION = YES;
				CLANG_WARN_OBJC_ROOT_CLASS = YES_ERROR;
				CLANG_WARN_SUSPICIOUS_MOVE = YES;
				CLANG_WARN_UNREACHABLE_CODE = YES;
				CLANG_WARN__DUPLICATE_METHOD_MATCH = YES;
				CODE_SIGN_IDENTITY = "-";
				COMBINE_HIDPI_IMAGES = YES;
				COPY_PHASE_STRIP = NO;
				DEBUG_INFORMATION_FORMAT = "dwarf-with-dsym";
				ENABLE_NS_ASSERTIONS = NO;
				ENABLE_STRICT_OBJC_MSGSEND = YES;
				GCC_C_LANGUAGE_STANDARD = gnu99;
				GCC_NO_COMMON_BLOCKS = YES;
				GCC_WARN_64_TO_32_BIT_CONVERSION = YES;
				GCC_WARN_ABOUT_RETURN_TYPE = YES_ERROR;
				GCC_WARN_UNDECLARED_SELECTOR = YES;
				GCC_WARN_UNINITIALIZED_AUTOS = YES_AGGRESSIVE;
				GCC_WARN_UNUSED_FUNCTION = YES;
				GCC_WARN_UNUSED_VARIABLE = YES;
				INFOPLIST_FILE = "Tests-macOS/Info.plist";
				LD_RUNPATH_SEARCH_PATHS = "$(inherited) @executable_path/../Frameworks @loader_path/../Frameworks";
				MACOSX_DEPLOYMENT_TARGET = 10.12;
				MTL_ENABLE_DEBUG_INFO = NO;
				PRODUCT_BUNDLE_IDENTIFIER = "com.letvargo.Tests-macOS";
				PRODUCT_NAME = "$(TARGET_NAME)";
				SDKROOT = macosx;
				SWIFT_OPTIMIZATION_LEVEL = "-Owholemodule";
				SWIFT_VERSION = 3.0;
			};
			name = Release;
		};
/* End XCBuildConfiguration section */

/* Begin XCConfigurationList section */
		930F3A0D1E57055C00C0BE7C /* Build configuration list for PBXProject "TestProject" */ = {
			isa = XCConfigurationList;
			buildConfigurations = (
				930F3A0E1E57055C00C0BE7C /* Debug */,
				930F3A0F1E57055C00C0BE7C /* Release */,
			);
			defaultConfigurationIsVisible = 0;
			defaultConfigurationName = Release;
		};
		930F3A1A1E5705F000C0BE7C /* Build configuration list for PBXNativeTarget "Tests-iOS" */ = {
			isa = XCConfigurationList;
			buildConfigurations = (
				930F3A1B1E5705F000C0BE7C /* Debug */,
				930F3A1C1E5705F000C0BE7C /* Release */,
			);
			defaultConfigurationIsVisible = 0;
			defaultConfigurationName = Release;
		};
		930F3A261E57064200C0BE7C /* Build configuration list for PBXNativeTarget "Tests-macOS" */ = {
			isa = XCConfigurationList;
			buildConfigurations = (
				930F3A271E57064200C0BE7C /* Debug */,
				930F3A281E57064200C0BE7C /* Release */,
			);
			defaultConfigurationIsVisible = 0;
			defaultConfigurationName = Release;
		};
/* End XCConfigurationList section */
	};
	rootObject = 930F3A0A1E57055C00C0BE7C /* Project object */;
}
